
Microsoft Visual Studio Solution File, Format Version 12.00
Project("{FAE04EC0-301F-11D3-BF4B-00C04F79EFBC}") = "ScoreBoard", "ScoreBoard/ScoreBoard.csproj", "{5D1EAC5C-12CD-4BD1-BFBA-BBF950696C30}"
EndProject
Project("{FAE04EC0-301F-11D3-BF4B-00C04F79EFBC}") = "ScoreBoard.test", "ScoreBoard.test/ScoreBoard.test.csproj", "{F138F6AF-89DB-43F7-9558-3AB76BE89A9B}"
EndProject
Global
	GlobalSection(SolutionConfigurationPlatforms) = preSolution
		Debug|Any CPU = Debug|Any CPU
		Release|Any CPU = Release|Any CPU
	EndGlobalSection
	GlobalSection(ProjectConfigurationPlatforms) = postSolution
		{5D1EAC5C-12CD-4BD1-BFBA-BBF950696C30}.Debug|Any CPU.ActiveCfg = Debug|Any CPU
		{5D1EAC5C-12CD-4BD1-BFBA-BBF950696C30}.Debug|Any CPU.Build.0 = Debug|Any CPU
		{5D1EAC5C-12CD-4BD1-BFBA-BBF950696C30}.Release|Any CPU.ActiveCfg = Release|Any CPU
		{5D1EAC5C-12CD-4BD1-BFBA-BBF950696C30}.Release|Any CPU.Build.0 = Release|Any CPU
		{F138F6AF-89DB-43F7-9558-3AB76BE89A9B}.Debug|Any CPU.ActiveCfg = Debug|Any CPU
		{F138F6AF-89DB-43F7-9558-3AB76BE89A9B}.Debug|Any CPU.Build.0 = Debug|Any CPU
		{F138F6AF-89DB-43F7-9558-3AB76BE89A9B}.Release|Any CPU.ActiveCfg = Release|Any CPU
		{F138F6AF-89DB-43F7-9558-3AB76BE89A9B}.Release|Any CPU.Build.0 = Release|Any CPU
	EndGlobalSection
EndGlobal
